
Microsoft Visual Studio Solution File, Format Version 12.00
# Visual Studio Version 17
VisualStudioVersion = 17.0.31912.275
MinimumVisualStudioVersion = 10.0.40219.1
Project("{FAE04EC0-301F-11D3-BF4B-00C04F79EFBC}") = "NotificacionesNegocio", "NotificacionesNegocio\NotificacionesNegocio.csproj", "{C6831E05-7468-4EA1-B7D2-88EF633A0DB4}"
EndProject
Project("{FAE04EC0-301F-11D3-BF4B-00C04F79EFBC}") = "NotificacionesServicio", "NotificacionesServicio\NotificacionesServicio.csproj", "{B5972302-252B-47F1-BE3F-3A5B4359693B}"
EndProject
Global
	GlobalSection(SolutionConfigurationPlatforms) = preSolution
		Debug|Any CPU = Debug|Any CPU
		Release|Any CPU = Release|Any CPU
	EndGlobalSection
	GlobalSection(ProjectConfigurationPlatforms) = postSolution
		{C6831E05-7468-4EA1-B7D2-88EF633A0DB4}.Debug|Any CPU.ActiveCfg = Debug|Any CPU
		{C6831E05-7468-4EA1-B7D2-88EF633A0DB4}.Debug|Any CPU.Build.0 = Debug|Any CPU
		{C6831E05-7468-4EA1-B7D2-88EF633A0DB4}.Release|Any CPU.ActiveCfg = Release|Any CPU
		{C6831E05-7468-4EA1-B7D2-88EF633A0DB4}.Release|Any CPU.Build.0 = Release|Any CPU
		{B5972302-252B-47F1-BE3F-3A5B4359693B}.Debug|Any CPU.ActiveCfg = Debug|Any CPU
		{B5972302-252B-47F1-BE3F-3A5B4359693B}.Debug|Any CPU.Build.0 = Debug|Any CPU
		{B5972302-252B-47F1-BE3F-3A5B4359693B}.Release|Any CPU.ActiveCfg = Release|Any CPU
		{B5972302-252B-47F1-BE3F-3A5B4359693B}.Release|Any CPU.Build.0 = Release|Any CPU
	EndGlobalSection
	GlobalSection(SolutionProperties) = preSolution
		HideSolutionNode = FALSE
	EndGlobalSection
	GlobalSection(ExtensibilityGlobals) = postSolution
		SolutionGuid = {CFC44BEF-DC3E-4C50-8EA7-353EA01B58A8}
	EndGlobalSection
EndGlobal
